
Microsoft Visual Studio Solution File, Format Version 12.00
# Visual Studio Version 16
VisualStudioVersion = 16.0.32002.261
MinimumVisualStudioVersion = 10.0.40219.1
Project("{FAE04EC0-301F-11D3-BF4B-00C04F79EFBC}") = "futebol", "futebol.csproj", "{10A9EAEC-51F4-4F11-8A52-0103D6537417}"
EndProject
Global
	GlobalSection(SolutionConfigurationPlatforms) = preSolution
		Debug|Any CPU = Debug|Any CPU
		Release|Any CPU = Release|Any CPU
	EndGlobalSection
	GlobalSection(ProjectConfigurationPlatforms) = postSolution
		{10A9EAEC-51F4-4F11-8A52-0103D6537417}.Debug|Any CPU.ActiveCfg = Debug|Any CPU
		{10A9EAEC-51F4-4F11-8A52-0103D6537417}.Debug|Any CPU.Build.0 = Debug|Any CPU
		{10A9EAEC-51F4-4F11-8A52-0103D6537417}.Release|Any CPU.ActiveCfg = Release|Any CPU
		{10A9EAEC-51F4-4F11-8A52-0103D6537417}.Release|Any CPU.Build.0 = Release|Any CPU
	EndGlobalSection
	GlobalSection(SolutionProperties) = preSolution
		HideSolutionNode = FALSE
	EndGlobalSection
	GlobalSection(ExtensibilityGlobals) = postSolution
		SolutionGuid = {7BBBDC8C-D5EC-419C-AD36-419D41BF3CB3}
	EndGlobalSection
EndGlobal
